// !$*UTF8*$!
{
	archiveVersion = 1;
	classes = {
	};
	objectVersion = 46;
	objects = {

/* Begin PBXBuildFile section */
		B22E04B11D1254BD00520E73 /* thread.swift in Sources */ = {isa = PBXBuildFile; fileRef = B22E04B01D1254BD00520E73 /* thread.swift */; };
		B22E04B31D12551800520E73 /* http.swift in Sources */ = {isa = PBXBuildFile; fileRef = B22E04B21D12551800520E73 /* http.swift */; };
		B22E04B51D12A37900520E73 /* module.swift in Sources */ = {isa = PBXBuildFile; fileRef = B22E04B41D12A37900520E73 /* module.swift */; };
		B289710D1D10E68800BF2632 /* AppDelegate.swift in Sources */ = {isa = PBXBuildFile; fileRef = B289710C1D10E68800BF2632 /* AppDelegate.swift */; };
		B28971141D10E68800BF2632 /* Main.storyboard in Resources */ = {isa = PBXBuildFile; fileRef = B28971121D10E68800BF2632 /* Main.storyboard */; };
		B28971161D10E68800BF2632 /* Assets.xcassets in Resources */ = {isa = PBXBuildFile; fileRef = B28971151D10E68800BF2632 /* Assets.xcassets */; };
		B28971191D10E68800BF2632 /* LaunchScreen.storyboard in Resources */ = {isa = PBXBuildFile; fileRef = B28971171D10E68800BF2632 /* LaunchScreen.storyboard */; };
		B28971241D10E68900BF2632 /* mvvmTests.swift in Sources */ = {isa = PBXBuildFile; fileRef = B28971231D10E68900BF2632 /* mvvmTests.swift */; };
		B289712F1D10E68900BF2632 /* mvvmUITests.swift in Sources */ = {isa = PBXBuildFile; fileRef = B289712E1D10E68900BF2632 /* mvvmUITests.swift */; };
		B289713D1D10F70F00BF2632 /* ViewController.swift in Sources */ = {isa = PBXBuildFile; fileRef = B289713C1D10F70F00BF2632 /* ViewController.swift */; };
		B289713F1D10F92B00BF2632 /* ViewModule.swift in Sources */ = {isa = PBXBuildFile; fileRef = B289713E1D10F92B00BF2632 /* ViewModule.swift */; };
		B28971411D10FEAA00BF2632 /* test.swift in Sources */ = {isa = PBXBuildFile; fileRef = B28971401D10FEAA00BF2632 /* test.swift */; };
		B2EF58DC1D13A51200415880 /* DBProvide.swift in Sources */ = {isa = PBXBuildFile; fileRef = B2EF58DB1D13A51200415880 /* DBProvide.swift */; };
		B2EF58DF1D13B97900415880 /* data.xcdatamodeld in Sources */ = {isa = PBXBuildFile; fileRef = B2EF58DD1D13B97900415880 /* data.xcdatamodeld */; };
		B2EF58E21D13DF7000415880 /* User+CoreDataProperties.swift in Sources */ = {isa = PBXBuildFile; fileRef = B2EF58E01D13DF7000415880 /* User+CoreDataProperties.swift */; };
		B2EF58E31D13DF7000415880 /* User.swift in Sources */ = {isa = PBXBuildFile; fileRef = B2EF58E11D13DF7000415880 /* User.swift */; };
/* End PBXBuildFile section */

/* Begin PBXContainerItemProxy section */
		B28971201D10E68900BF2632 /* PBXContainerItemProxy */ = {
			isa = PBXContainerItemProxy;
			containerPortal = B28971011D10E68800BF2632 /* Project object */;
			proxyType = 1;
			remoteGlobalIDString = B28971081D10E68800BF2632;
			remoteInfo = mvvm;
		};
		B289712B1D10E68900BF2632 /* PBXContainerItemProxy */ = {
			isa = PBXContainerItemProxy;
			containerPortal = B28971011D10E68800BF2632 /* Project object */;
			proxyType = 1;
			remoteGlobalIDString = B28971081D10E68800BF2632;
			remoteInfo = mvvm;
		};
/* End PBXContainerItemProxy section */

/* Begin PBXFileReference section */
		B22E04B01D1254BD00520E73 /* thread.swift */ = {isa = PBXFileReference; fileEncoding = 4; lastKnownFileType = sourcecode.swift; path = thread.swift; sourceTree = "<group>"; };
		B22E04B21D12551800520E73 /* http.swift */ = {isa = PBXFileReference; fileEncoding = 4; lastKnownFileType = sourcecode.swift; path = http.swift; sourceTree = "<group>"; };
		B22E04B41D12A37900520E73 /* module.swift */ = {isa = PBXFileReference; fileEncoding = 4; lastKnownFileType = sourcecode.swift; path = module.swift; sourceTree = "<group>"; };
		B28971091D10E68800BF2632 /* mvvm.app */ = {isa = PBXFileReference; explicitFileType = wrapper.application; includeInIndex = 0; path = mvvm.app; sourceTree = BUILT_PRODUCTS_DIR; };
		B289710C1D10E68800BF2632 /* AppDelegate.swift */ = {isa = PBXFileReference; lastKnownFileType = sourcecode.swift; path = AppDelegate.swift; sourceTree = "<group>"; };
		B28971131D10E68800BF2632 /* Base */ = {isa = PBXFileReference; lastKnownFileType = file.storyboard; name = Base; path = Base.lproj/Main.storyboard; sourceTree = "<group>"; };
		B28971151D10E68800BF2632 /* Assets.xcassets */ = {isa = PBXFileReference; lastKnownFileType = folder.assetcatalog; path = Assets.xcassets; sourceTree = "<group>"; };
		B28971181D10E68800BF2632 /* Base */ = {isa = PBXFileReference; lastKnownFileType = file.storyboard; name = Base; path = Base.lproj/LaunchScreen.storyboard; sourceTree = "<group>"; };
		B289711A1D10E68800BF2632 /* Info.plist */ = {isa = PBXFileReference; lastKnownFileType = text.plist.xml; path = Info.plist; sourceTree = "<group>"; };
		B289711F1D10E68900BF2632 /* mvvmTests.xctest */ = {isa = PBXFileReference; explicitFileType = wrapper.cfbundle; includeInIndex = 0; path = mvvmTests.xctest; sourceTree = BUILT_PRODUCTS_DIR; };
		B28971231D10E68900BF2632 /* mvvmTests.swift */ = {isa = PBXFileReference; lastKnownFileType = sourcecode.swift; path = mvvmTests.swift; sourceTree = "<group>"; };
		B28971251D10E68900BF2632 /* Info.plist */ = {isa = PBXFileReference; lastKnownFileType = text.plist.xml; path = Info.plist; sourceTree = "<group>"; };
		B289712A1D10E68900BF2632 /* mvvmUITests.xctest */ = {isa = PBXFileReference; explicitFileType = wrapper.cfbundle; includeInIndex = 0; path = mvvmUITests.xctest; sourceTree = BUILT_PRODUCTS_DIR; };
		B289712E1D10E68900BF2632 /* mvvmUITests.swift */ = {isa = PBXFileReference; lastKnownFileType = sourcecode.swift; path = mvvmUITests.swift; sourceTree = "<group>"; };
		B28971301D10E68900BF2632 /* Info.plist */ = {isa = PBXFileReference; lastKnownFileType = text.plist.xml; path = Info.plist; sourceTree = "<group>"; };
		B289713C1D10F70F00BF2632 /* ViewController.swift */ = {isa = PBXFileReference; fileEncoding = 4; lastKnownFileType = sourcecode.swift; path = ViewController.swift; sourceTree = "<group>"; };
		B289713E1D10F92B00BF2632 /* ViewModule.swift */ = {isa = PBXFileReference; fileEncoding = 4; lastKnownFileType = sourcecode.swift; path = ViewModule.swift; sourceTree = "<group>"; };
		B28971401D10FEAA00BF2632 /* test.swift */ = {isa = PBXFileReference; fileEncoding = 4; lastKnownFileType = sourcecode.swift; path = test.swift; sourceTree = "<group>"; };
		B2EF58DB1D13A51200415880 /* DBProvide.swift */ = {isa = PBXFileReference; fileEncoding = 4; lastKnownFileType = sourcecode.swift; path = DBProvide.swift; sourceTree = "<group>"; };
		B2EF58DE1D13B97900415880 /* data.xcdatamodel */ = {isa = PBXFileReference; lastKnownFileType = wrapper.xcdatamodel; path = data.xcdatamodel; sourceTree = "<group>"; };
		B2EF58E01D13DF7000415880 /* User+CoreDataProperties.swift */ = {isa = PBXFileReference; fileEncoding = 4; lastKnownFileType = sourcecode.swift; path = "User+CoreDataProperties.swift"; sourceTree = "<group>"; };
		B2EF58E11D13DF7000415880 /* User.swift */ = {isa = PBXFileReference; fileEncoding = 4; lastKnownFileType = sourcecode.swift; path = User.swift; sourceTree = "<group>"; };
/* End PBXFileReference section */

/* Begin PBXFrameworksBuildPhase section */
		B28971061D10E68800BF2632 /* Frameworks */ = {
			isa = PBXFrameworksBuildPhase;
			buildActionMask = 2147483647;
			files = (
			);
			runOnlyForDeploymentPostprocessing = 0;
		};
		B289711C1D10E68900BF2632 /* Frameworks */ = {
			isa = PBXFrameworksBuildPhase;
			buildActionMask = 2147483647;
			files = (
			);
			runOnlyForDeploymentPostprocessing = 0;
		};
		B28971271D10E68900BF2632 /* Frameworks */ = {
			isa = PBXFrameworksBuildPhase;
			buildActionMask = 2147483647;
			files = (
			);
			runOnlyForDeploymentPostprocessing = 0;
		};
/* End PBXFrameworksBuildPhase section */

/* Begin PBXGroup section */
		B28971001D10E68800BF2632 = {
			isa = PBXGroup;
			children = (
				B289710B1D10E68800BF2632 /* mvvm */,
				B28971221D10E68900BF2632 /* mvvmTests */,
				B289712D1D10E68900BF2632 /* mvvmUITests */,
				B289710A1D10E68800BF2632 /* Products */,
			);
			sourceTree = "<group>";
		};
		B289710A1D10E68800BF2632 /* Products */ = {
			isa = PBXGroup;
			children = (
				B28971091D10E68800BF2632 /* mvvm.app */,
				B289711F1D10E68900BF2632 /* mvvmTests.xctest */,
				B289712A1D10E68900BF2632 /* mvvmUITests.xctest */,
			);
			name = Products;
			sourceTree = "<group>";
		};
		B289710B1D10E68800BF2632 /* mvvm */ = {
			isa = PBXGroup;
			children = (
				B289710C1D10E68800BF2632 /* AppDelegate.swift */,
				B28971121D10E68800BF2632 /* Main.storyboard */,
				B289713C1D10F70F00BF2632 /* ViewController.swift */,
				B28971401D10FEAA00BF2632 /* test.swift */,
				B289713E1D10F92B00BF2632 /* ViewModule.swift */,
				B22E04B21D12551800520E73 /* http.swift */,
				B22E04B01D1254BD00520E73 /* thread.swift */,
				B28971151D10E68800BF2632 /* Assets.xcassets */,
				B28971171D10E68800BF2632 /* LaunchScreen.storyboard */,
				B289711A1D10E68800BF2632 /* Info.plist */,
				B22E04B41D12A37900520E73 /* module.swift */,
				B2EF58DB1D13A51200415880 /* DBProvide.swift */,
				B2EF58DD1D13B97900415880 /* data.xcdatamodeld */,
				B2EF58E01D13DF7000415880 /* User+CoreDataProperties.swift */,
				B2EF58E11D13DF7000415880 /* User.swift */,
			);
			path = mvvm;
			sourceTree = "<group>";
		};
		B28971221D10E68900BF2632 /* mvvmTests */ = {
			isa = PBXGroup;
			children = (
				B28971231D10E68900BF2632 /* mvvmTests.swift */,
				B28971251D10E68900BF2632 /* Info.plist */,
			);
			path = mvvmTests;
			sourceTree = "<group>";
		};
		B289712D1D10E68900BF2632 /* mvvmUITests */ = {
			isa = PBXGroup;
			children = (
				B289712E1D10E68900BF2632 /* mvvmUITests.swift */,
				B28971301D10E68900BF2632 /* Info.plist */,
			);
			path = mvvmUITests;
			sourceTree = "<group>";
		};
/* End PBXGroup section */

/* Begin PBXNativeTarget section */
		B28971081D10E68800BF2632 /* mvvm */ = {
			isa = PBXNativeTarget;
			buildConfigurationList = B28971331D10E68900BF2632 /* Build configuration list for PBXNativeTarget "mvvm" */;
			buildPhases = (
				B28971051D10E68800BF2632 /* Sources */,
				B28971061D10E68800BF2632 /* Frameworks */,
				B28971071D10E68800BF2632 /* Resources */,
			);
			buildRules = (
			);
			dependencies = (
			);
			name = mvvm;
			productName = mvvm;
			productReference = B28971091D10E68800BF2632 /* mvvm.app */;
			productType = "com.apple.product-type.application";
		};
		B289711E1D10E68900BF2632 /* mvvmTests */ = {
			isa = PBXNativeTarget;
			buildConfigurationList = B28971361D10E68900BF2632 /* Build configuration list for PBXNativeTarget "mvvmTests" */;
			buildPhases = (
				B289711B1D10E68900BF2632 /* Sources */,
				B289711C1D10E68900BF2632 /* Frameworks */,
				B289711D1D10E68900BF2632 /* Resources */,
			);
			buildRules = (
			);
			dependencies = (
				B28971211D10E68900BF2632 /* PBXTargetDependency */,
			);
			name = mvvmTests;
			productName = mvvmTests;
			productReference = B289711F1D10E68900BF2632 /* mvvmTests.xctest */;
			productType = "com.apple.product-type.bundle.unit-test";
		};
		B28971291D10E68900BF2632 /* mvvmUITests */ = {
			isa = PBXNativeTarget;
			buildConfigurationList = B28971391D10E68900BF2632 /* Build configuration list for PBXNativeTarget "mvvmUITests" */;
			buildPhases = (
				B28971261D10E68900BF2632 /* Sources */,
				B28971271D10E68900BF2632 /* Frameworks */,
				B28971281D10E68900BF2632 /* Resources */,
			);
			buildRules = (
			);
			dependencies = (
				B289712C1D10E68900BF2632 /* PBXTargetDependency */,
			);
			name = mvvmUITests;
			productName = mvvmUITests;
			productReference = B289712A1D10E68900BF2632 /* mvvmUITests.xctest */;
			productType = "com.apple.product-type.bundle.ui-testing";
		};
/* End PBXNativeTarget section */

/* Begin PBXProject section */
		B28971011D10E68800BF2632 /* Project object */ = {
			isa = PBXProject;
			attributes = {
				LastSwiftUpdateCheck = 0730;
				LastUpgradeCheck = 0730;
				ORGANIZATIONNAME = "Suzhou Qier Network Technology Co., Ltd.";
				TargetAttributes = {
					B28971081D10E68800BF2632 = {
						CreatedOnToolsVersion = 7.3;
					};
					B289711E1D10E68900BF2632 = {
						CreatedOnToolsVersion = 7.3;
						TestTargetID = B28971081D10E68800BF2632;
					};
					B28971291D10E68900BF2632 = {
						CreatedOnToolsVersion = 7.3;
						TestTargetID = B28971081D10E68800BF2632;
					};
				};
			};
			buildConfigurationList = B28971041D10E68800BF2632 /* Build configuration list for PBXProject "mvvm" */;
			compatibilityVersion = "Xcode 3.2";
			developmentRegion = English;
			hasScannedForEncodings = 0;
			knownRegions = (
				en,
				Base,
			);
			mainGroup = B28971001D10E68800BF2632;
			productRefGroup = B289710A1D10E68800BF2632 /* Products */;
			projectDirPath = "";
			projectRoot = "";
			targets = (
				B28971081D10E68800BF2632 /* mvvm */,
				B289711E1D10E68900BF2632 /* mvvmTests */,
				B28971291D10E68900BF2632 /* mvvmUITests */,
			);
		};
/* End PBXProject section */

/* Begin PBXResourcesBuildPhase section */
		B28971071D10E68800BF2632 /* Resources */ = {
			isa = PBXResourcesBuildPhase;
			buildActionMask = 2147483647;
			files = (
				B28971191D10E68800BF2632 /* LaunchScreen.storyboard in Resources */,
				B28971161D10E68800BF2632 /* Assets.xcassets in Resources */,
				B28971141D10E68800BF2632 /* Main.storyboard in Resources */,
			);
			runOnlyForDeploymentPostprocessing = 0;
		};
		B289711D1D10E68900BF2632 /* Resources */ = {
			isa = PBXResourcesBuildPhase;
			buildActionMask = 2147483647;
			files = (
			);
			runOnlyForDeploymentPostprocessing = 0;
		};
		B28971281D10E68900BF2632 /* Resources */ = {
			isa = PBXResourcesBuildPhase;
			buildActionMask = 2147483647;
			files = (
			);
			runOnlyForDeploymentPostprocessing = 0;
		};
/* End PBXResourcesBuildPhase section */

/* Begin PBXSourcesBuildPhase section */
		B28971051D10E68800BF2632 /* Sources */ = {
			isa = PBXSourcesBuildPhase;
			buildActionMask = 2147483647;
			files = (
				B289713F1D10F92B00BF2632 /* ViewModule.swift in Sources */,
				B2EF58DC1D13A51200415880 /* DBProvide.swift in Sources */,
				B2EF58DF1D13B97900415880 /* data.xcdatamodeld in Sources */,
				B28971411D10FEAA00BF2632 /* test.swift in Sources */,
				B22E04B11D1254BD00520E73 /* thread.swift in Sources */,
				B289713D1D10F70F00BF2632 /* ViewController.swift in Sources */,
				B289710D1D10E68800BF2632 /* AppDelegate.swift in Sources */,
				B22E04B51D12A37900520E73 /* module.swift in Sources */,
				B2EF58E21D13DF7000415880 /* User+CoreDataProperties.swift in Sources */,
				B22E04B31D12551800520E73 /* http.swift in Sources */,
				B2EF58E31D13DF7000415880 /* User.swift in Sources */,
			);
			runOnlyForDeploymentPostprocessing = 0;
		};
		B289711B1D10E68900BF2632 /* Sources */ = {
			isa = PBXSourcesBuildPhase;
			buildActionMask = 2147483647;
			files = (
				B28971241D10E68900BF2632 /* mvvmTests.swift in Sources */,
			);
			runOnlyForDeploymentPostprocessing = 0;
		};
		B28971261D10E68900BF2632 /* Sources */ = {
			isa = PBXSourcesBuildPhase;
			buildActionMask = 2147483647;
			files = (
				B289712F1D10E68900BF2632 /* mvvmUITests.swift in Sources */,
			);
			runOnlyForDeploymentPostprocessing = 0;
		};
/* End PBXSourcesBuildPhase section */

/* Begin PBXTargetDependency section */
		B28971211D10E68900BF2632 /* PBXTargetDependency */ = {
			isa = PBXTargetDependency;
			target = B28971081D10E68800BF2632 /* mvvm */;
			targetProxy = B28971201D10E68900BF2632 /* PBXContainerItemProxy */;
		};
		B289712C1D10E68900BF2632 /* PBXTargetDependency */ = {
			isa = PBXTargetDependency;
			target = B28971081D10E68800BF2632 /* mvvm */;
			targetProxy = B289712B1D10E68900BF2632 /* PBXContainerItemProxy */;
		};
/* End PBXTargetDependency section */

/* Begin PBXVariantGroup section */
		B28971121D10E68800BF2632 /* Main.storyboard */ = {
			isa = PBXVariantGroup;
			children = (
				B28971131D10E68800BF2632 /* Base */,
			);
			name = Main.storyboard;
			sourceTree = "<group>";
		};
		B28971171D10E68800BF2632 /* LaunchScreen.storyboard */ = {
			isa = PBXVariantGroup;
			children = (
				B28971181D10E68800BF2632 /* Base */,
			);
			name = LaunchScreen.storyboard;
			sourceTree = "<group>";
		};
/* End PBXVariantGroup section */

/* Begin XCBuildConfiguration section */
		B28971311D10E68900BF2632 /* Debug */ = {
			isa = XCBuildConfiguration;
			buildSettings = {
				ALWAYS_SEARCH_USER_PATHS = NO;
				CLANG_ANALYZER_NONNULL = YES;
				CLANG_CXX_LANGUAGE_STANDARD = "gnu++0x";
				CLANG_CXX_LIBRARY = "libc++";
				CLANG_ENABLE_MODULES = YES;
				CLANG_ENABLE_OBJC_ARC = YES;
				CLANG_WARN_BOOL_CONVERSION = YES;
				CLANG_WARN_CONSTANT_CONVERSION = YES;
				CLANG_WARN_DIRECT_OBJC_ISA_USAGE = YES_ERROR;
				CLANG_WARN_EMPTY_BODY = YES;
				CLANG_WARN_ENUM_CONVERSION = YES;
				CLANG_WARN_INT_CONVERSION = YES;
				CLANG_WARN_OBJC_ROOT_CLASS = YES_ERROR;
				CLANG_WARN_UNREACHABLE_CODE = YES;
				CLANG_WARN__DUPLICATE_METHOD_MATCH = YES;
				"CODE_SIGN_IDENTITY[sdk=iphoneos*]" = "iPhone Developer";
				COPY_PHASE_STRIP = NO;
				DEBUG_INFORMATION_FORMAT = dwarf;
				ENABLE_STRICT_OBJC_MSGSEND = YES;
				ENABLE_TESTABILITY = YES;
				GCC_C_LANGUAGE_STANDARD = gnu99;
				GCC_DYNAMIC_NO_PIC = NO;
				GCC_NO_COMMON_BLOCKS = YES;
				GCC_OPTIMIZATION_LEVEL = 0;
				GCC_PREPROCESSOR_DEFINITIONS = (
					"DEBUG=1",
					"$(inherited)",
				);
				GCC_WARN_64_TO_32_BIT_CONVERSION = YES;
				GCC_WARN_ABOUT_RETURN_TYPE = YES_ERROR;
				GCC_WARN_UNDECLARED_SELECTOR = YES;
				GCC_WARN_UNINITIALIZED_AUTOS = YES_AGGRESSIVE;
				GCC_WARN_UNUSED_FUNCTION = YES;
				GCC_WARN_UNUSED_VARIABLE = YES;
				IPHONEOS_DEPLOYMENT_TARGET = 9.3;
				MTL_ENABLE_DEBUG_INFO = YES;
				ONLY_ACTIVE_ARCH = YES;
				SDKROOT = iphoneos;
				SWIFT_OPTIMIZATION_LEVEL = "-Onone";
			};
			name = Debug;
		};
		B28971321D10E68900BF2632 /* Release */ = {
			isa = XCBuildConfiguration;
			buildSettings = {
				ALWAYS_SEARCH_USER_PATHS = NO;
				CLANG_ANALYZER_NONNULL = YES;
				CLANG_CXX_LANGUAGE_STANDARD = "gnu++0x";
				CLANG_CXX_LIBRARY = "libc++";
				CLANG_ENABLE_MODULES = YES;
				CLANG_ENABLE_OBJC_ARC = YES;
				CLANG_WARN_BOOL_CONVERSION = YES;
				CLANG_WARN_CONSTANT_CONVERSION = YES;
				CLANG_WARN_DIRECT_OBJC_ISA_USAGE = YES_ERROR;
				CLANG_WARN_EMPTY_BODY = YES;
				CLANG_WARN_ENUM_CONVERSION = YES;
				CLANG_WARN_INT_CONVERSION = YES;
				CLANG_WARN_OBJC_ROOT_CLASS = YES_ERROR;
				CLANG_WARN_UNREACHABLE_CODE = YES;
				CLANG_WARN__DUPLICATE_METHOD_MATCH = YES;
				"CODE_SIGN_IDENTITY[sdk=iphoneos*]" = "iPhone Developer";
				COPY_PHASE_STRIP = NO;
				DEBUG_INFORMATION_FORMAT = "dwarf-with-dsym";
				ENABLE_NS_ASSERTIONS = NO;
				ENABLE_STRICT_OBJC_MSGSEND = YES;
				GCC_C_LANGUAGE_STANDARD = gnu99;
				GCC_NO_COMMON_BLOCKS = YES;
				GCC_WARN_64_TO_32_BIT_CONVERSION = YES;
				GCC_WARN_ABOUT_RETURN_TYPE = YES_ERROR;
				GCC_WARN_UNDECLARED_SELECTOR = YES;
				GCC_WARN_UNINITIALIZED_AUTOS = YES_AGGRESSIVE;
				GCC_WARN_UNUSED_FUNCTION = YES;
				GCC_WARN_UNUSED_VARIABLE = YES;
				IPHONEOS_DEPLOYMENT_TARGET = 9.3;
				MTL_ENABLE_DEBUG_INFO = NO;
				SDKROOT = iphoneos;
				VALIDATE_PRODUCT = YES;
			};
			name = Release;
		};
		B28971341D10E68900BF2632 /* Debug */ = {
			isa = XCBuildConfiguration;
			buildSettings = {
				ASSETCATALOG_COMPILER_APPICON_NAME = AppIcon;
				INFOPLIST_FILE = mvvm/Info.plist;
				LD_RUNPATH_SEARCH_PATHS = "$(inherited) @executable_path/Frameworks";
				PRODUCT_BUNDLE_IDENTIFIER = cn.cheerapp.mvvm;
				PRODUCT_NAME = "$(TARGET_NAME)";
			};
			name = Debug;
		};
		B28971351D10E68900BF2632 /* Release */ = {
			isa = XCBuildConfiguration;
			buildSettings = {
				ASSETCATALOG_COMPILER_APPICON_NAME = AppIcon;
				INFOPLIST_FILE = mvvm/Info.plist;
				LD_RUNPATH_SEARCH_PATHS = "$(inherited) @executable_path/Frameworks";
				PRODUCT_BUNDLE_IDENTIFIER = cn.cheerapp.mvvm;
				PRODUCT_NAME = "$(TARGET_NAME)";
			};
			name = Release;
		};
		B28971371D10E68900BF2632 /* Debug */ = {
			isa = XCBuildConfiguration;
			buildSettings = {
				BUNDLE_LOADER = "$(TEST_HOST)";
				INFOPLIST_FILE = mvvmTests/Info.plist;
				LD_RUNPATH_SEARCH_PATHS = "$(inherited) @executable_path/Frameworks @loader_path/Frameworks";
				PRODUCT_BUNDLE_IDENTIFIER = cn.cheerapp.mvvmTests;
				PRODUCT_NAME = "$(TARGET_NAME)";
				TEST_HOST = "$(BUILT_PRODUCTS_DIR)/mvvm.app/mvvm";
			};
			name = Debug;
		};
		B28971381D10E68900BF2632 /* Release */ = {
			isa = XCBuildConfiguration;
			buildSettings = {
				BUNDLE_LOADER = "$(TEST_HOST)";
				INFOPLIST_FILE = mvvmTests/Info.plist;
				LD_RUNPATH_SEARCH_PATHS = "$(inherited) @executable_path/Frameworks @loader_path/Frameworks";
				PRODUCT_BUNDLE_IDENTIFIER = cn.cheerapp.mvvmTests;
				PRODUCT_NAME = "$(TARGET_NAME)";
				TEST_HOST = "$(BUILT_PRODUCTS_DIR)/mvvm.app/mvvm";
			};
			name = Release;
		};
		B289713A1D10E68900BF2632 /* Debug */ = {
			isa = XCBuildConfiguration;
			buildSettings = {
				INFOPLIST_FILE = mvvmUITests/Info.plist;
				LD_RUNPATH_SEARCH_PATHS = "$(inherited) @executable_path/Frameworks @loader_path/Frameworks";
				PRODUCT_BUNDLE_IDENTIFIER = cn.cheerapp.mvvmUITests;
				PRODUCT_NAME = "$(TARGET_NAME)";
				TEST_TARGET_NAME = mvvm;
			};
			name = Debug;
		};
		B289713B1D10E68900BF2632 /* Release */ = {
			isa = XCBuildConfiguration;
			buildSettings = {
				INFOPLIST_FILE = mvvmUITests/Info.plist;
				LD_RUNPATH_SEARCH_PATHS = "$(inherited) @executable_path/Frameworks @loader_path/Frameworks";
				PRODUCT_BUNDLE_IDENTIFIER = cn.cheerapp.mvvmUITests;
				PRODUCT_NAME = "$(TARGET_NAME)";
				TEST_TARGET_NAME = mvvm;
			};
			name = Release;
		};
/* End XCBuildConfiguration section */

/* Begin XCConfigurationList section */
		B28971041D10E68800BF2632 /* Build configuration list for PBXProject "mvvm" */ = {
			isa = XCConfigurationList;
			buildConfigurations = (
				B28971311D10E68900BF2632 /* Debug */,
				B28971321D10E68900BF2632 /* Release */,
			);
			defaultConfigurationIsVisible = 0;
			defaultConfigurationName = Release;
		};
		B28971331D10E68900BF2632 /* Build configuration list for PBXNativeTarget "mvvm" */ = {
			isa = XCConfigurationList;
			buildConfigurations = (
				B28971341D10E68900BF2632 /* Debug */,
				B28971351D10E68900BF2632 /* Release */,
			);
			defaultConfigurationIsVisible = 0;
			defaultConfigurationName = Release;
		};
		B28971361D10E68900BF2632 /* Build configuration list for PBXNativeTarget "mvvmTests" */ = {
			isa = XCConfigurationList;
			buildConfigurations = (
				B28971371D10E68900BF2632 /* Debug */,
				B28971381D10E68900BF2632 /* Release */,
			);
			defaultConfigurationIsVisible = 0;
			defaultConfigurationName = Release;
		};
		B28971391D10E68900BF2632 /* Build configuration list for PBXNativeTarget "mvvmUITests" */ = {
			isa = XCConfigurationList;
			buildConfigurations = (
				B289713A1D10E68900BF2632 /* Debug */,
				B289713B1D10E68900BF2632 /* Release */,
			);
			defaultConfigurationIsVisible = 0;
			defaultConfigurationName = Release;
		};
/* End XCConfigurationList section */

/* Begin XCVersionGroup section */
		B2EF58DD1D13B97900415880 /* data.xcdatamodeld */ = {
			isa = XCVersionGroup;
			children = (
				B2EF58DE1D13B97900415880 /* data.xcdatamodel */,
			);
			currentVersion = B2EF58DE1D13B97900415880 /* data.xcdatamodel */;
			path = data.xcdatamodeld;
			sourceTree = "<group>";
			versionGroupType = wrapper.xcdatamodel;
		};
/* End XCVersionGroup section */
	};
	rootObject = B28971011D10E68800BF2632 /* Project object */;
}
